
Microsoft Visual Studio Solution File, Format Version 12.00
# Visual Studio Version 16
VisualStudioVersion = 16.0.31729.503
MinimumVisualStudioVersion = 10.0.40219.1
Project("{FAE04EC0-301F-11D3-BF4B-00C04F79EFBC}") = "WH_OnlineShoesShopping", "WH_OnlineShoesShopping\WH_OnlineShoesShopping.csproj", "{91A87280-E2D4-438F-932B-D91A6FBB6A13}"
EndProject
Global
	GlobalSection(SolutionConfigurationPlatforms) = preSolution
		Debug|Any CPU = Debug|Any CPU
		Release|Any CPU = Release|Any CPU
	EndGlobalSection
	GlobalSection(ProjectConfigurationPlatforms) = postSolution
		{91A87280-E2D4-438F-932B-D91A6FBB6A13}.Debug|Any CPU.ActiveCfg = Debug|Any CPU
		{91A87280-E2D4-438F-932B-D91A6FBB6A13}.Debug|Any CPU.Build.0 = Debug|Any CPU
		{91A87280-E2D4-438F-932B-D91A6FBB6A13}.Release|Any CPU.ActiveCfg = Release|Any CPU
		{91A87280-E2D4-438F-932B-D91A6FBB6A13}.Release|Any CPU.Build.0 = Release|Any CPU
	EndGlobalSection
	GlobalSection(SolutionProperties) = preSolution
		HideSolutionNode = FALSE
	EndGlobalSection
	GlobalSection(ExtensibilityGlobals) = postSolution
		SolutionGuid = {2F831090-9A2F-428B-AF08-E957955A9477}
	EndGlobalSection
EndGlobal
